
Microsoft Visual Studio Solution File, Format Version 12.00
# Visual Studio Version 16
VisualStudioVersion = 16.0.31624.102
MinimumVisualStudioVersion = 10.0.40219.1
Project("{FAE04EC0-301F-11D3-BF4B-00C04F79EFBC}") = "DataAnalysisApp", "DataAnalysisApp\DataAnalysisApp.csproj", "{C6C2DB9F-AD1D-4000-A011-981AC19FD2DD}"
EndProject
Project("{FAE04EC0-301F-11D3-BF4B-00C04F79EFBC}") = "DataAnalysisLib", "DataAnalysisLib\DataAnalysisLib.csproj", "{040D9123-0C26-41AA-97B9-7BEB7AB0E2B3}"
EndProject
Global
	GlobalSection(SolutionConfigurationPlatforms) = preSolution
		Debug|Any CPU = Debug|Any CPU
		Release|Any CPU = Release|Any CPU
	EndGlobalSection
	GlobalSection(ProjectConfigurationPlatforms) = postSolution
		{C6C2DB9F-AD1D-4000-A011-981AC19FD2DD}.Debug|Any CPU.ActiveCfg = Debug|Any CPU
		{C6C2DB9F-AD1D-4000-A011-981AC19FD2DD}.Debug|Any CPU.Build.0 = Debug|Any CPU
		{C6C2DB9F-AD1D-4000-A011-981AC19FD2DD}.Release|Any CPU.ActiveCfg = Release|Any CPU
		{C6C2DB9F-AD1D-4000-A011-981AC19FD2DD}.Release|Any CPU.Build.0 = Release|Any CPU
		{040D9123-0C26-41AA-97B9-7BEB7AB0E2B3}.Debug|Any CPU.ActiveCfg = Debug|Any CPU
		{040D9123-0C26-41AA-97B9-7BEB7AB0E2B3}.Debug|Any CPU.Build.0 = Debug|Any CPU
		{040D9123-0C26-41AA-97B9-7BEB7AB0E2B3}.Release|Any CPU.ActiveCfg = Release|Any CPU
		{040D9123-0C26-41AA-97B9-7BEB7AB0E2B3}.Release|Any CPU.Build.0 = Release|Any CPU
	EndGlobalSection
	GlobalSection(SolutionProperties) = preSolution
		HideSolutionNode = FALSE
	EndGlobalSection
	GlobalSection(ExtensibilityGlobals) = postSolution
		SolutionGuid = {66E6101A-B195-4DA6-B413-8B10E0A99AE7}
	EndGlobalSection
EndGlobal
